lockfileVersion: '6.0'

settings:
  autoInstallPeers: true
  excludeLinksFromLockfile: false

dependencies:
  nan:
    specifier: ^2.18.0
    version: 2.20.0

devDependencies:
  prettier:
    specifier: ^3.2.5
    version: 3.3.3
  tree-sitter-cli:
    specifier: ^0.21.0
    version: 0.21.0

packages:

  /nan@2.20.0:
    resolution: {integrity: sha512-bk3gXBZDGILuuo/6sKtr0DQmSThYHLtNCdSdXk9YkxD/jK6X2vmCyyXBBxyqZ4XcnzTyYEAThfX3DCEnLf6igw==}
    dev: false

  /prettier@3.3.3:
    resolution: {integrity: sha512-i2tDNA0O5IrMO757lfrdQZCc2jPNDVntV0m/+4whiDfWaTKfMNgR7Qz0NAeGz/nRqF4m5/6CLzbP4/liHt12Ew==}
    engines: {node: '>=14'}
    hasBin: true
    dev: true

  /tree-sitter-cli@0.21.0:
    resolution: {integrity: sha512-wA7wT5724fNQW82XDH6zT6ZcYonjrAKLCHHuhLsPcAKULrhp3rNuMvlgBdB5FUBvmjHNhtTZF/qpHenMoRJPBw==}
    hasBin: true
    requiresBuild: true
    dev: true
