{
  "name": "mono",
  "version": "1.0.0",
  "lockfileVersion": 3,
  "requires": true,
  "packages": {
    "": {
      "name": "mono",
      "version": "1.0.0",
      "license": "ISC"
    },
    "node_modules/.pnpm/prettier@3.2.5/node_modules/prettier": {
      "version": "3.2.5",
      "extraneous": true,
      "license": "MIT",
      "bin": {
        "prettier": "bin/prettier.cjs"
      },
      "engines": {
        "node": ">=14"
      },
      "funding": {
        "url": "https://github.com/prettier/prettier?sponsor=1"
      }
    }
  }
}
